
Microsoft Visual Studio Solution File, Format Version 12.00
# Visual Studio 15
VisualStudioVersion = 15.0.26228.49
MinimumVisualStudioVersion = 10.0.40219.1
Project("{FAE04EC0-301F-11D3-BF4B-00C04F79EFBC}") = "ActiveXMap", "ActiveX\ActiveXMap.csproj", "{C9EBC7B0-C587-49EC-959F-A4DC4B686427}"
EndProject
Project("{FAE04EC0-301F-11D3-BF4B-00C04F79EFBC}") = "BasemapTooltips", "BasemapTooltips\BasemapTooltips.csproj", "{BB808347-462C-4148-8A73-A873C070790E}"
EndProject
Project("{FAE04EC0-301F-11D3-BF4B-00C04F79EFBC}") = "Circles", "Circles\Circles.csproj", "{F6A0556A-36CB-4E11-9A6F-264551445412}"
EndProject
Project("{FAE04EC0-301F-11D3-BF4B-00C04F79EFBC}") = "CustomBgProfiles", "CustomBgProfiles\CustomBgProfiles.csproj", "{70261B4B-FE37-4E49-BCC9-3898A6EBEF26}"
EndProject
Project("{FAE04EC0-301F-11D3-BF4B-00C04F79EFBC}") = "CustomInit", "CustomInit\CustomInit.csproj", "{A1256536-76FC-46BD-A13C-AD2CD37A58AF}"
EndProject
Project("{FAE04EC0-301F-11D3-BF4B-00C04F79EFBC}") = "CustomLayout", "CustomLayout\CustomLayout.csproj", "{7F6E5967-10BA-4611-A56C-3A5492533485}"
EndProject
Project("{FAE04EC0-301F-11D3-BF4B-00C04F79EFBC}") = "CustomLocalizer", "CustomLocalizer\CustomLocalizer.csproj", "{F2A4A58C-12CF-4FE4-A4C0-94DEAFE0905D}"
EndProject
Project("{FAE04EC0-301F-11D3-BF4B-00C04F79EFBC}") = "CustomPanZoom", "CustomPanAndZoom\CustomPanZoom.csproj", "{685810D0-AD4F-4271-B612-A8474D90304D}"
EndProject
Project("{FAE04EC0-301F-11D3-BF4B-00C04F79EFBC}") = "CustomPinchZoom", "CustomPinchZoom\CustomPinchZoom.csproj", "{7036E63E-9F99-4A5F-8CDF-551F8B437BFA}"
EndProject
Project("{FAE04EC0-301F-11D3-BF4B-00C04F79EFBC}") = "DemoCenter", "DemoCenter\DemoCenter.csproj", "{CF02A908-B887-4F8A-B5D9-A7AF77B9863A}"
EndProject
Project("{FAE04EC0-301F-11D3-BF4B-00C04F79EFBC}") = "DragAndDrop", "DragAndDrop\DragAndDrop.csproj", "{303D8369-8C5D-4C8A-860D-6597041AE75D}"
EndProject
Project("{FAE04EC0-301F-11D3-BF4B-00C04F79EFBC}") = "DrawMode", "DrawMode\DrawMode.csproj", "{A8931678-28FA-4FF5-938E-FFED176CB38E}"
EndProject
Project("{FAE04EC0-301F-11D3-BF4B-00C04F79EFBC}") = "ExtensibilityTest", "ExtensibilityTest\ExtensibilityTest.csproj", "{CB107A00-DB10-4A3A-A2C0-BD4BBAF8C440}"
EndProject
Project("{FAE04EC0-301F-11D3-BF4B-00C04F79EFBC}") = "FeatureLayers", "FeatureLayers\FeatureLayers.csproj", "{5B1C03D9-F9A0-4114-B13A-F9F7267FA38E}"
EndProject
Project("{FAE04EC0-301F-11D3-BF4B-00C04F79EFBC}") = "FormsMapCS", "FormsMapCS\FormsMapCS.csproj", "{220784C5-A8BB-4D6C-8818-E8939599887F}"
EndProject
Project("{F184B08F-C81C-45F6-A57F-5ABD9991F28F}") = "FormsMapVB", "FormsMapVB\FormsMapVB.vbproj", "{F7409FEB-236D-40D9-B7C2-B6491A107A6B}"
EndProject
Project("{FAE04EC0-301F-11D3-BF4B-00C04F79EFBC}") = "Providers", "Providers\Providers.csproj", "{AEC3641C-8266-4F26-88F6-A6E94809925A}"
EndProject
Project("{FAE04EC0-301F-11D3-BF4B-00C04F79EFBC}") = "Mandelbrot", "Mandelbrot\Mandelbrot.csproj", "{96B2B088-A506-4159-A905-CEF60CE5CE8A}"
EndProject
Project("{FAE04EC0-301F-11D3-BF4B-00C04F79EFBC}") = "ManySymbols", "ManySymbols\ManySymbols.csproj", "{079027FA-2D36-438D-969F-EB59D6EEFE2E}"
EndProject
Project("{FAE04EC0-301F-11D3-BF4B-00C04F79EFBC}") = "ManySymbols2", "ManySymbols2\ManySymbols2.csproj", "{D214EDF8-2ECF-4563-91B8-684B0E7E703E}"
EndProject
Project("{FAE04EC0-301F-11D3-BF4B-00C04F79EFBC}") = "MapArrowDemo", "MapArrowDemo\MapArrowDemo.csproj", "{D6544607-CC5F-41B6-A445-1A7971BA0A83}"
EndProject
Project("{FAE04EC0-301F-11D3-BF4B-00C04F79EFBC}") = "MemAssertDemo", "MemAssertDemo\MemAssertDemo.csproj", "{6CEE2C16-2A1A-4A41-BC26-6A13F0E37383}"
EndProject
Project("{FAE04EC0-301F-11D3-BF4B-00C04F79EFBC}") = "MemoryPressureTest", "MemoryPressureTest\MemoryPressureTest.csproj", "{D58A4E04-AB2C-4769-A975-59EB83F59E03}"
EndProject
Project("{FAE04EC0-301F-11D3-BF4B-00C04F79EFBC}") = "Multiplecontainers", "MultipleContainers\Multiplecontainers.csproj", "{8046A5A1-04E3-4DA2-832B-CFCF60505B97}"
EndProject
Project("{FAE04EC0-301F-11D3-BF4B-00C04F79EFBC}") = "PieChartsAndExport", "PieChartsAndExport\PieChartsAndExport.csproj", "{D21D65EA-8DFB-4C13-88B5-318FF027DAF3}"
EndProject
Project("{F184B08F-C81C-45F6-A57F-5ABD9991F28F}") = "RoutingVB", "RoutingVB\RoutingVB.vbproj", "{8D46226F-408A-4624-83D6-368C8E3C0221}"
EndProject
Project("{FAE04EC0-301F-11D3-BF4B-00C04F79EFBC}") = "SelectionDemo", "SelectionDemo\SelectionDemo.csproj", "{ABA57892-12CF-4320-9D0B-F462CEEDB9A9}"
EndProject
Project("{FAE04EC0-301F-11D3-BF4B-00C04F79EFBC}") = "ServerSideRendering", "ServerSideRendering\ServerSideRendering.csproj", "{D8E0500F-C2CC-4B92-92F7-A87188E364DB}"
EndProject
Project("{FAE04EC0-301F-11D3-BF4B-00C04F79EFBC}") = "SimpleWms", "SimpleWms\SimpleWms.csproj", "{661EBE9B-9553-4A51-BE93-6B2DBA32B57E}"
EndProject
Project("{FAE04EC0-301F-11D3-BF4B-00C04F79EFBC}") = "SmyolsAndLabels", "SymbolsAndLabels\SmyolsAndLabels.csproj", "{69E67796-13E3-4665-BDE0-895322B9E328}"
EndProject
Project("{FAE04EC0-301F-11D3-BF4B-00C04F79EFBC}") = "TourPlanningDemo", "TourPlanningDemo\TourPlanningDemo.csproj", "{1890BE52-4D74-4246-8BF1-ADB3951BF12E}"
EndProject
Project("{FAE04EC0-301F-11D3-BF4B-00C04F79EFBC}") = "ToursAndStops", "ToursAndStopsMultiCanvas\ToursAndStops.csproj", "{CA070C5E-E236-4DDD-9CBF-F0ED05146F26}"
EndProject
Project("{FAE04EC0-301F-11D3-BF4B-00C04F79EFBC}") = "VdiPerformcance", "VdiPerformance\VdiPerformcance.csproj", "{23613411-4707-4F57-80BD-A3BD7145F718}"
EndProject
Project("{FAE04EC0-301F-11D3-BF4B-00C04F79EFBC}") = "WMTSLayer", "WMTSLayer\WMTSLayer.csproj", "{71021129-C6E1-407A-AAAE-A6003E9A0675}"
EndProject
Project("{FAE04EC0-301F-11D3-BF4B-00C04F79EFBC}") = "Xmap2LayerFactoryTest", "Xmap2LayerFactoryTest\Xmap2LayerFactoryTest.csproj", "{2D395471-8A34-46CB-965D-36C3C9E27770}"
EndProject
Project("{FAE04EC0-301F-11D3-BF4B-00C04F79EFBC}") = "XSTwo", "XSTwo\XSTwo.csproj", "{E9C44864-D217-4DFF-AEE5-3D1081B9853F}"
EndProject
Project("{FAE04EC0-301F-11D3-BF4B-00C04F79EFBC}") = "XYNSegments", "XYNSegments\XYNSegments.csproj", "{442A6276-9061-49F3-8138-7CBC32D47E5C}"
EndProject
Project("{FAE04EC0-301F-11D3-BF4B-00C04F79EFBC}") = "XServerNetExt", "RoutingVB\XServerNetExt\XServerNetExt.csproj", "{EC069574-DA20-4FD2-86CC-8DF905872A73}"
EndProject
Global
	GlobalSection(SolutionConfigurationPlatforms) = preSolution
		Debug|Any CPU = Debug|Any CPU
		Debug|x86 = Debug|x86
		Release|Any CPU = Release|Any CPU
		Release|x86 = Release|x86
	EndGlobalSection
	GlobalSection(ProjectConfigurationPlatforms) = postSolution
		{C9EBC7B0-C587-49EC-959F-A4DC4B686427}.Debug|Any CPU.ActiveCfg = Debug|Any CPU
		{C9EBC7B0-C587-49EC-959F-A4DC4B686427}.Debug|Any CPU.Build.0 = Debug|Any CPU
		{C9EBC7B0-C587-49EC-959F-A4DC4B686427}.Debug|x86.ActiveCfg = Debug|Any CPU
		{C9EBC7B0-C587-49EC-959F-A4DC4B686427}.Debug|x86.Build.0 = Debug|Any CPU
		{C9EBC7B0-C587-49EC-959F-A4DC4B686427}.Release|Any CPU.ActiveCfg = Release|Any CPU
		{C9EBC7B0-C587-49EC-959F-A4DC4B686427}.Release|Any CPU.Build.0 = Release|Any CPU
		{C9EBC7B0-C587-49EC-959F-A4DC4B686427}.Release|x86.ActiveCfg = Release|Any CPU
		{C9EBC7B0-C587-49EC-959F-A4DC4B686427}.Release|x86.Build.0 = Release|Any CPU
		{BB808347-462C-4148-8A73-A873C070790E}.Debug|Any CPU.ActiveCfg = Debug|Any CPU
		{BB808347-462C-4148-8A73-A873C070790E}.Debug|Any CPU.Build.0 = Debug|Any CPU
		{BB808347-462C-4148-8A73-A873C070790E}.Debug|x86.ActiveCfg = Debug|Any CPU
		{BB808347-462C-4148-8A73-A873C070790E}.Debug|x86.Build.0 = Debug|Any CPU
		{BB808347-462C-4148-8A73-A873C070790E}.Release|Any CPU.ActiveCfg = Release|Any CPU
		{BB808347-462C-4148-8A73-A873C070790E}.Release|Any CPU.Build.0 = Release|Any CPU
		{BB808347-462C-4148-8A73-A873C070790E}.Release|x86.ActiveCfg = Release|Any CPU
		{BB808347-462C-4148-8A73-A873C070790E}.Release|x86.Build.0 = Release|Any CPU
		{F6A0556A-36CB-4E11-9A6F-264551445412}.Debug|Any CPU.ActiveCfg = Debug|Any CPU
		{F6A0556A-36CB-4E11-9A6F-264551445412}.Debug|Any CPU.Build.0 = Debug|Any CPU
		{F6A0556A-36CB-4E11-9A6F-264551445412}.Debug|x86.ActiveCfg = Debug|Any CPU
		{F6A0556A-36CB-4E11-9A6F-264551445412}.Debug|x86.Build.0 = Debug|Any CPU
		{F6A0556A-36CB-4E11-9A6F-264551445412}.Release|Any CPU.ActiveCfg = Release|Any CPU
		{F6A0556A-36CB-4E11-9A6F-264551445412}.Release|Any CPU.Build.0 = Release|Any CPU
		{F6A0556A-36CB-4E11-9A6F-264551445412}.Release|x86.ActiveCfg = Release|Any CPU
		{F6A0556A-36CB-4E11-9A6F-264551445412}.Release|x86.Build.0 = Release|Any CPU
		{70261B4B-FE37-4E49-BCC9-3898A6EBEF26}.Debug|Any CPU.ActiveCfg = Debug|Any CPU
		{70261B4B-FE37-4E49-BCC9-3898A6EBEF26}.Debug|Any CPU.Build.0 = Debug|Any CPU
		{70261B4B-FE37-4E49-BCC9-3898A6EBEF26}.Debug|x86.ActiveCfg = Debug|Any CPU
		{70261B4B-FE37-4E49-BCC9-3898A6EBEF26}.Debug|x86.Build.0 = Debug|Any CPU
		{70261B4B-FE37-4E49-BCC9-3898A6EBEF26}.Release|Any CPU.ActiveCfg = Release|Any CPU
		{70261B4B-FE37-4E49-BCC9-3898A6EBEF26}.Release|Any CPU.Build.0 = Release|Any CPU
		{70261B4B-FE37-4E49-BCC9-3898A6EBEF26}.Release|x86.ActiveCfg = Release|Any CPU
		{70261B4B-FE37-4E49-BCC9-3898A6EBEF26}.Release|x86.Build.0 = Release|Any CPU
		{A1256536-76FC-46BD-A13C-AD2CD37A58AF}.Debug|Any CPU.ActiveCfg = Debug|Any CPU
		{A1256536-76FC-46BD-A13C-AD2CD37A58AF}.Debug|Any CPU.Build.0 = Debug|Any CPU
		{A1256536-76FC-46BD-A13C-AD2CD37A58AF}.Debug|x86.ActiveCfg = Debug|Any CPU
		{A1256536-76FC-46BD-A13C-AD2CD37A58AF}.Debug|x86.Build.0 = Debug|Any CPU
		{A1256536-76FC-46BD-A13C-AD2CD37A58AF}.Release|Any CPU.ActiveCfg = Release|Any CPU
		{A1256536-76FC-46BD-A13C-AD2CD37A58AF}.Release|Any CPU.Build.0 = Release|Any CPU
		{A1256536-76FC-46BD-A13C-AD2CD37A58AF}.Release|x86.ActiveCfg = Release|Any CPU
		{A1256536-76FC-46BD-A13C-AD2CD37A58AF}.Release|x86.Build.0 = Release|Any CPU
		{7F6E5967-10BA-4611-A56C-3A5492533485}.Debug|Any CPU.ActiveCfg = Debug|Any CPU
		{7F6E5967-10BA-4611-A56C-3A5492533485}.Debug|Any CPU.Build.0 = Debug|Any CPU
		{7F6E5967-10BA-4611-A56C-3A5492533485}.Debug|x86.ActiveCfg = Debug|Any CPU
		{7F6E5967-10BA-4611-A56C-3A5492533485}.Debug|x86.Build.0 = Debug|Any CPU
		{7F6E5967-10BA-4611-A56C-3A5492533485}.Release|Any CPU.ActiveCfg = Release|Any CPU
		{7F6E5967-10BA-4611-A56C-3A5492533485}.Release|Any CPU.Build.0 = Release|Any CPU
		{7F6E5967-10BA-4611-A56C-3A5492533485}.Release|x86.ActiveCfg = Release|Any CPU
		{7F6E5967-10BA-4611-A56C-3A5492533485}.Release|x86.Build.0 = Release|Any CPU
		{F2A4A58C-12CF-4FE4-A4C0-94DEAFE0905D}.Debug|Any CPU.ActiveCfg = Debug|Any CPU
		{F2A4A58C-12CF-4FE4-A4C0-94DEAFE0905D}.Debug|Any CPU.Build.0 = Debug|Any CPU
		{F2A4A58C-12CF-4FE4-A4C0-94DEAFE0905D}.Debug|x86.ActiveCfg = Debug|Any CPU
		{F2A4A58C-12CF-4FE4-A4C0-94DEAFE0905D}.Debug|x86.Build.0 = Debug|Any CPU
		{F2A4A58C-12CF-4FE4-A4C0-94DEAFE0905D}.Release|Any CPU.ActiveCfg = Release|Any CPU
		{F2A4A58C-12CF-4FE4-A4C0-94DEAFE0905D}.Release|Any CPU.Build.0 = Release|Any CPU
		{F2A4A58C-12CF-4FE4-A4C0-94DEAFE0905D}.Release|x86.ActiveCfg = Release|Any CPU
		{F2A4A58C-12CF-4FE4-A4C0-94DEAFE0905D}.Release|x86.Build.0 = Release|Any CPU
		{685810D0-AD4F-4271-B612-A8474D90304D}.Debug|Any CPU.ActiveCfg = Debug|Any CPU
		{685810D0-AD4F-4271-B612-A8474D90304D}.Debug|Any CPU.Build.0 = Debug|Any CPU
		{685810D0-AD4F-4271-B612-A8474D90304D}.Debug|x86.ActiveCfg = Debug|Any CPU
		{685810D0-AD4F-4271-B612-A8474D90304D}.Debug|x86.Build.0 = Debug|Any CPU
		{685810D0-AD4F-4271-B612-A8474D90304D}.Release|Any CPU.ActiveCfg = Release|Any CPU
		{685810D0-AD4F-4271-B612-A8474D90304D}.Release|Any CPU.Build.0 = Release|Any CPU
		{685810D0-AD4F-4271-B612-A8474D90304D}.Release|x86.ActiveCfg = Release|Any CPU
		{685810D0-AD4F-4271-B612-A8474D90304D}.Release|x86.Build.0 = Release|Any CPU
		{7036E63E-9F99-4A5F-8CDF-551F8B437BFA}.Debug|Any CPU.ActiveCfg = Debug|Any CPU
		{7036E63E-9F99-4A5F-8CDF-551F8B437BFA}.Debug|Any CPU.Build.0 = Debug|Any CPU
		{7036E63E-9F99-4A5F-8CDF-551F8B437BFA}.Debug|x86.ActiveCfg = Debug|Any CPU
		{7036E63E-9F99-4A5F-8CDF-551F8B437BFA}.Debug|x86.Build.0 = Debug|Any CPU
		{7036E63E-9F99-4A5F-8CDF-551F8B437BFA}.Release|Any CPU.ActiveCfg = Release|Any CPU
		{7036E63E-9F99-4A5F-8CDF-551F8B437BFA}.Release|Any CPU.Build.0 = Release|Any CPU
		{7036E63E-9F99-4A5F-8CDF-551F8B437BFA}.Release|x86.ActiveCfg = Release|Any CPU
		{7036E63E-9F99-4A5F-8CDF-551F8B437BFA}.Release|x86.Build.0 = Release|Any CPU
		{CF02A908-B887-4F8A-B5D9-A7AF77B9863A}.Debug|Any CPU.ActiveCfg = Debug|Any CPU
		{CF02A908-B887-4F8A-B5D9-A7AF77B9863A}.Debug|Any CPU.Build.0 = Debug|Any CPU
		{CF02A908-B887-4F8A-B5D9-A7AF77B9863A}.Debug|x86.ActiveCfg = Debug|Any CPU
		{CF02A908-B887-4F8A-B5D9-A7AF77B9863A}.Debug|x86.Build.0 = Debug|Any CPU
		{CF02A908-B887-4F8A-B5D9-A7AF77B9863A}.Release|Any CPU.ActiveCfg = Release|Any CPU
		{CF02A908-B887-4F8A-B5D9-A7AF77B9863A}.Release|Any CPU.Build.0 = Release|Any CPU
		{CF02A908-B887-4F8A-B5D9-A7AF77B9863A}.Release|x86.ActiveCfg = Release|Any CPU
		{CF02A908-B887-4F8A-B5D9-A7AF77B9863A}.Release|x86.Build.0 = Release|Any CPU
		{422D2328-63AF-4CA4-A0B9-F3E196657A12}.Debug|Any CPU.ActiveCfg = Debug|Any CPU
		{422D2328-63AF-4CA4-A0B9-F3E196657A12}.Debug|Any CPU.Build.0 = Debug|Any CPU
		{422D2328-63AF-4CA4-A0B9-F3E196657A12}.Debug|x86.ActiveCfg = Debug|Any CPU
		{422D2328-63AF-4CA4-A0B9-F3E196657A12}.Debug|x86.Build.0 = Debug|Any CPU
		{422D2328-63AF-4CA4-A0B9-F3E196657A12}.Release|Any CPU.ActiveCfg = Release|Any CPU
		{422D2328-63AF-4CA4-A0B9-F3E196657A12}.Release|Any CPU.Build.0 = Release|Any CPU
		{422D2328-63AF-4CA4-A0B9-F3E196657A12}.Release|x86.ActiveCfg = Release|Any CPU
		{422D2328-63AF-4CA4-A0B9-F3E196657A12}.Release|x86.Build.0 = Release|Any CPU
		{303D8369-8C5D-4C8A-860D-6597041AE75D}.Debug|Any CPU.ActiveCfg = Debug|Any CPU
		{303D8369-8C5D-4C8A-860D-6597041AE75D}.Debug|Any CPU.Build.0 = Debug|Any CPU
		{303D8369-8C5D-4C8A-860D-6597041AE75D}.Debug|x86.ActiveCfg = Debug|Any CPU
		{303D8369-8C5D-4C8A-860D-6597041AE75D}.Debug|x86.Build.0 = Debug|Any CPU
		{303D8369-8C5D-4C8A-860D-6597041AE75D}.Release|Any CPU.ActiveCfg = Release|Any CPU
		{303D8369-8C5D-4C8A-860D-6597041AE75D}.Release|Any CPU.Build.0 = Release|Any CPU
		{303D8369-8C5D-4C8A-860D-6597041AE75D}.Release|x86.ActiveCfg = Release|Any CPU
		{303D8369-8C5D-4C8A-860D-6597041AE75D}.Release|x86.Build.0 = Release|Any CPU
		{A8931678-28FA-4FF5-938E-FFED176CB38E}.Debug|Any CPU.ActiveCfg = Debug|Any CPU
		{A8931678-28FA-4FF5-938E-FFED176CB38E}.Debug|Any CPU.Build.0 = Debug|Any CPU
		{A8931678-28FA-4FF5-938E-FFED176CB38E}.Debug|x86.ActiveCfg = Debug|Any CPU
		{A8931678-28FA-4FF5-938E-FFED176CB38E}.Debug|x86.Build.0 = Debug|Any CPU
		{A8931678-28FA-4FF5-938E-FFED176CB38E}.Release|Any CPU.ActiveCfg = Release|Any CPU
		{A8931678-28FA-4FF5-938E-FFED176CB38E}.Release|Any CPU.Build.0 = Release|Any CPU
		{A8931678-28FA-4FF5-938E-FFED176CB38E}.Release|x86.ActiveCfg = Release|Any CPU
		{A8931678-28FA-4FF5-938E-FFED176CB38E}.Release|x86.Build.0 = Release|Any CPU
		{CB107A00-DB10-4A3A-A2C0-BD4BBAF8C440}.Debug|Any CPU.ActiveCfg = Debug|Any CPU
		{CB107A00-DB10-4A3A-A2C0-BD4BBAF8C440}.Debug|Any CPU.Build.0 = Debug|Any CPU
		{CB107A00-DB10-4A3A-A2C0-BD4BBAF8C440}.Debug|x86.ActiveCfg = Debug|x86
		{CB107A00-DB10-4A3A-A2C0-BD4BBAF8C440}.Debug|x86.Build.0 = Debug|x86
		{CB107A00-DB10-4A3A-A2C0-BD4BBAF8C440}.Release|Any CPU.ActiveCfg = Release|Any CPU
		{CB107A00-DB10-4A3A-A2C0-BD4BBAF8C440}.Release|Any CPU.Build.0 = Release|Any CPU
		{CB107A00-DB10-4A3A-A2C0-BD4BBAF8C440}.Release|x86.ActiveCfg = Release|x86
		{CB107A00-DB10-4A3A-A2C0-BD4BBAF8C440}.Release|x86.Build.0 = Release|x86
		{5B1C03D9-F9A0-4114-B13A-F9F7267FA38E}.Debug|Any CPU.ActiveCfg = Debug|Any CPU
		{5B1C03D9-F9A0-4114-B13A-F9F7267FA38E}.Debug|Any CPU.Build.0 = Debug|Any CPU
		{5B1C03D9-F9A0-4114-B13A-F9F7267FA38E}.Debug|x86.ActiveCfg = Debug|Any CPU
		{5B1C03D9-F9A0-4114-B13A-F9F7267FA38E}.Debug|x86.Build.0 = Debug|Any CPU
		{5B1C03D9-F9A0-4114-B13A-F9F7267FA38E}.Release|Any CPU.ActiveCfg = Release|Any CPU
		{5B1C03D9-F9A0-4114-B13A-F9F7267FA38E}.Release|Any CPU.Build.0 = Release|Any CPU
		{5B1C03D9-F9A0-4114-B13A-F9F7267FA38E}.Release|x86.ActiveCfg = Release|Any CPU
		{5B1C03D9-F9A0-4114-B13A-F9F7267FA38E}.Release|x86.Build.0 = Release|Any CPU
		{220784C5-A8BB-4D6C-8818-E8939599887F}.Debug|Any CPU.ActiveCfg = Debug|Any CPU
		{220784C5-A8BB-4D6C-8818-E8939599887F}.Debug|Any CPU.Build.0 = Debug|Any CPU
		{220784C5-A8BB-4D6C-8818-E8939599887F}.Debug|x86.ActiveCfg = Debug|Any CPU
		{220784C5-A8BB-4D6C-8818-E8939599887F}.Debug|x86.Build.0 = Debug|Any CPU
		{220784C5-A8BB-4D6C-8818-E8939599887F}.Release|Any CPU.ActiveCfg = Release|Any CPU
		{220784C5-A8BB-4D6C-8818-E8939599887F}.Release|Any CPU.Build.0 = Release|Any CPU
		{220784C5-A8BB-4D6C-8818-E8939599887F}.Release|x86.ActiveCfg = Release|Any CPU
		{220784C5-A8BB-4D6C-8818-E8939599887F}.Release|x86.Build.0 = Release|Any CPU
		{F7409FEB-236D-40D9-B7C2-B6491A107A6B}.Debug|Any CPU.ActiveCfg = Debug|Any CPU
		{F7409FEB-236D-40D9-B7C2-B6491A107A6B}.Debug|Any CPU.Build.0 = Debug|Any CPU
		{F7409FEB-236D-40D9-B7C2-B6491A107A6B}.Debug|x86.ActiveCfg = Debug|Any CPU
		{F7409FEB-236D-40D9-B7C2-B6491A107A6B}.Debug|x86.Build.0 = Debug|Any CPU
		{F7409FEB-236D-40D9-B7C2-B6491A107A6B}.Release|Any CPU.ActiveCfg = Release|Any CPU
		{F7409FEB-236D-40D9-B7C2-B6491A107A6B}.Release|Any CPU.Build.0 = Release|Any CPU
		{F7409FEB-236D-40D9-B7C2-B6491A107A6B}.Release|x86.ActiveCfg = Release|Any CPU
		{F7409FEB-236D-40D9-B7C2-B6491A107A6B}.Release|x86.Build.0 = Release|Any CPU
		{AEC3641C-8266-4F26-88F6-A6E94809925A}.Debug|Any CPU.ActiveCfg = Debug|Any CPU
		{AEC3641C-8266-4F26-88F6-A6E94809925A}.Debug|Any CPU.Build.0 = Debug|Any CPU
		{AEC3641C-8266-4F26-88F6-A6E94809925A}.Debug|x86.ActiveCfg = Debug|Any CPU
		{AEC3641C-8266-4F26-88F6-A6E94809925A}.Debug|x86.Build.0 = Debug|Any CPU
		{AEC3641C-8266-4F26-88F6-A6E94809925A}.Release|Any CPU.ActiveCfg = Release|Any CPU
		{AEC3641C-8266-4F26-88F6-A6E94809925A}.Release|Any CPU.Build.0 = Release|Any CPU
		{AEC3641C-8266-4F26-88F6-A6E94809925A}.Release|x86.ActiveCfg = Release|Any CPU
		{AEC3641C-8266-4F26-88F6-A6E94809925A}.Release|x86.Build.0 = Release|Any CPU
		{96B2B088-A506-4159-A905-CEF60CE5CE8A}.Debug|Any CPU.ActiveCfg = Debug|Any CPU
		{96B2B088-A506-4159-A905-CEF60CE5CE8A}.Debug|Any CPU.Build.0 = Debug|Any CPU
		{96B2B088-A506-4159-A905-CEF60CE5CE8A}.Debug|x86.ActiveCfg = Debug|Any CPU
		{96B2B088-A506-4159-A905-CEF60CE5CE8A}.Debug|x86.Build.0 = Debug|Any CPU
		{96B2B088-A506-4159-A905-CEF60CE5CE8A}.Release|Any CPU.ActiveCfg = Release|Any CPU
		{96B2B088-A506-4159-A905-CEF60CE5CE8A}.Release|Any CPU.Build.0 = Release|Any CPU
		{96B2B088-A506-4159-A905-CEF60CE5CE8A}.Release|x86.ActiveCfg = Release|Any CPU
		{96B2B088-A506-4159-A905-CEF60CE5CE8A}.Release|x86.Build.0 = Release|Any CPU
		{079027FA-2D36-438D-969F-EB59D6EEFE2E}.Debug|Any CPU.ActiveCfg = Debug|Any CPU
		{079027FA-2D36-438D-969F-EB59D6EEFE2E}.Debug|Any CPU.Build.0 = Debug|Any CPU
		{079027FA-2D36-438D-969F-EB59D6EEFE2E}.Debug|x86.ActiveCfg = Debug|Any CPU
		{079027FA-2D36-438D-969F-EB59D6EEFE2E}.Debug|x86.Build.0 = Debug|Any CPU
		{079027FA-2D36-438D-969F-EB59D6EEFE2E}.Release|Any CPU.ActiveCfg = Release|Any CPU
		{079027FA-2D36-438D-969F-EB59D6EEFE2E}.Release|Any CPU.Build.0 = Release|Any CPU
		{079027FA-2D36-438D-969F-EB59D6EEFE2E}.Release|x86.ActiveCfg = Release|Any CPU
		{079027FA-2D36-438D-969F-EB59D6EEFE2E}.Release|x86.Build.0 = Release|Any CPU
		{D214EDF8-2ECF-4563-91B8-684B0E7E703E}.Debug|Any CPU.ActiveCfg = Debug|Any CPU
		{D214EDF8-2ECF-4563-91B8-684B0E7E703E}.Debug|Any CPU.Build.0 = Debug|Any CPU
		{D214EDF8-2ECF-4563-91B8-684B0E7E703E}.Debug|x86.ActiveCfg = Debug|Any CPU
		{D214EDF8-2ECF-4563-91B8-684B0E7E703E}.Debug|x86.Build.0 = Debug|Any CPU
		{D214EDF8-2ECF-4563-91B8-684B0E7E703E}.Release|Any CPU.ActiveCfg = Release|Any CPU
		{D214EDF8-2ECF-4563-91B8-684B0E7E703E}.Release|Any CPU.Build.0 = Release|Any CPU
		{D214EDF8-2ECF-4563-91B8-684B0E7E703E}.Release|x86.ActiveCfg = Release|Any CPU
		{D214EDF8-2ECF-4563-91B8-684B0E7E703E}.Release|x86.Build.0 = Release|Any CPU
		{D6544607-CC5F-41B6-A445-1A7971BA0A83}.Debug|Any CPU.ActiveCfg = Debug|Any CPU
		{D6544607-CC5F-41B6-A445-1A7971BA0A83}.Debug|Any CPU.Build.0 = Debug|Any CPU
		{D6544607-CC5F-41B6-A445-1A7971BA0A83}.Debug|x86.ActiveCfg = Debug|Any CPU
		{D6544607-CC5F-41B6-A445-1A7971BA0A83}.Debug|x86.Build.0 = Debug|Any CPU
		{D6544607-CC5F-41B6-A445-1A7971BA0A83}.Release|Any CPU.ActiveCfg = Release|Any CPU
		{D6544607-CC5F-41B6-A445-1A7971BA0A83}.Release|Any CPU.Build.0 = Release|Any CPU
		{D6544607-CC5F-41B6-A445-1A7971BA0A83}.Release|x86.ActiveCfg = Release|Any CPU
		{D6544607-CC5F-41B6-A445-1A7971BA0A83}.Release|x86.Build.0 = Release|Any CPU
		{6CEE2C16-2A1A-4A41-BC26-6A13F0E37383}.Debug|Any CPU.ActiveCfg = Debug|x86
		{6CEE2C16-2A1A-4A41-BC26-6A13F0E37383}.Debug|x86.ActiveCfg = Debug|x86
		{6CEE2C16-2A1A-4A41-BC26-6A13F0E37383}.Debug|x86.Build.0 = Debug|x86
		{6CEE2C16-2A1A-4A41-BC26-6A13F0E37383}.Release|Any CPU.ActiveCfg = Release|x86
		{6CEE2C16-2A1A-4A41-BC26-6A13F0E37383}.Release|x86.ActiveCfg = Release|x86
		{6CEE2C16-2A1A-4A41-BC26-6A13F0E37383}.Release|x86.Build.0 = Release|x86
		{D58A4E04-AB2C-4769-A975-59EB83F59E03}.Debug|Any CPU.ActiveCfg = Debug|x86
		{D58A4E04-AB2C-4769-A975-59EB83F59E03}.Debug|x86.ActiveCfg = Debug|x86
		{D58A4E04-AB2C-4769-A975-59EB83F59E03}.Debug|x86.Build.0 = Debug|x86
		{D58A4E04-AB2C-4769-A975-59EB83F59E03}.Release|Any CPU.ActiveCfg = Release|x86
		{D58A4E04-AB2C-4769-A975-59EB83F59E03}.Release|x86.ActiveCfg = Release|x86
		{D58A4E04-AB2C-4769-A975-59EB83F59E03}.Release|x86.Build.0 = Release|x86
		{8046A5A1-04E3-4DA2-832B-CFCF60505B97}.Debug|Any CPU.ActiveCfg = Debug|Any CPU
		{8046A5A1-04E3-4DA2-832B-CFCF60505B97}.Debug|Any CPU.Build.0 = Debug|Any CPU
		{8046A5A1-04E3-4DA2-832B-CFCF60505B97}.Debug|x86.ActiveCfg = Debug|Any CPU
		{8046A5A1-04E3-4DA2-832B-CFCF60505B97}.Debug|x86.Build.0 = Debug|Any CPU
		{8046A5A1-04E3-4DA2-832B-CFCF60505B97}.Release|Any CPU.ActiveCfg = Release|Any CPU
		{8046A5A1-04E3-4DA2-832B-CFCF60505B97}.Release|Any CPU.Build.0 = Release|Any CPU
		{8046A5A1-04E3-4DA2-832B-CFCF60505B97}.Release|x86.ActiveCfg = Release|Any CPU
		{8046A5A1-04E3-4DA2-832B-CFCF60505B97}.Release|x86.Build.0 = Release|Any CPU
		{D21D65EA-8DFB-4C13-88B5-318FF027DAF3}.Debug|Any CPU.ActiveCfg = Debug|Any CPU
		{D21D65EA-8DFB-4C13-88B5-318FF027DAF3}.Debug|Any CPU.Build.0 = Debug|Any CPU
		{D21D65EA-8DFB-4C13-88B5-318FF027DAF3}.Debug|x86.ActiveCfg = Debug|Any CPU
		{D21D65EA-8DFB-4C13-88B5-318FF027DAF3}.Debug|x86.Build.0 = Debug|Any CPU
		{D21D65EA-8DFB-4C13-88B5-318FF027DAF3}.Release|Any CPU.ActiveCfg = Release|Any CPU
		{D21D65EA-8DFB-4C13-88B5-318FF027DAF3}.Release|Any CPU.Build.0 = Release|Any CPU
		{D21D65EA-8DFB-4C13-88B5-318FF027DAF3}.Release|x86.ActiveCfg = Release|Any CPU
		{D21D65EA-8DFB-4C13-88B5-318FF027DAF3}.Release|x86.Build.0 = Release|Any CPU
		{8D46226F-408A-4624-83D6-368C8E3C0221}.Debug|Any CPU.ActiveCfg = Debug|Any CPU
		{8D46226F-408A-4624-83D6-368C8E3C0221}.Debug|Any CPU.Build.0 = Debug|Any CPU
		{8D46226F-408A-4624-83D6-368C8E3C0221}.Debug|x86.ActiveCfg = Debug|Any CPU
		{8D46226F-408A-4624-83D6-368C8E3C0221}.Debug|x86.Build.0 = Debug|Any CPU
		{8D46226F-408A-4624-83D6-368C8E3C0221}.Release|Any CPU.ActiveCfg = Release|Any CPU
		{8D46226F-408A-4624-83D6-368C8E3C0221}.Release|Any CPU.Build.0 = Release|Any CPU
		{8D46226F-408A-4624-83D6-368C8E3C0221}.Release|x86.ActiveCfg = Release|Any CPU
		{8D46226F-408A-4624-83D6-368C8E3C0221}.Release|x86.Build.0 = Release|Any CPU
		{ABA57892-12CF-4320-9D0B-F462CEEDB9A9}.Debug|Any CPU.ActiveCfg = Debug|Any CPU
		{ABA57892-12CF-4320-9D0B-F462CEEDB9A9}.Debug|Any CPU.Build.0 = Debug|Any CPU
		{ABA57892-12CF-4320-9D0B-F462CEEDB9A9}.Debug|x86.ActiveCfg = Debug|Any CPU
		{ABA57892-12CF-4320-9D0B-F462CEEDB9A9}.Debug|x86.Build.0 = Debug|Any CPU
		{ABA57892-12CF-4320-9D0B-F462CEEDB9A9}.Release|Any CPU.ActiveCfg = Release|Any CPU
		{ABA57892-12CF-4320-9D0B-F462CEEDB9A9}.Release|Any CPU.Build.0 = Release|Any CPU
		{ABA57892-12CF-4320-9D0B-F462CEEDB9A9}.Release|x86.ActiveCfg = Release|Any CPU
		{ABA57892-12CF-4320-9D0B-F462CEEDB9A9}.Release|x86.Build.0 = Release|Any CPU
		{D8E0500F-C2CC-4B92-92F7-A87188E364DB}.Debug|Any CPU.ActiveCfg = Debug|Any CPU
		{D8E0500F-C2CC-4B92-92F7-A87188E364DB}.Debug|Any CPU.Build.0 = Debug|Any CPU
		{D8E0500F-C2CC-4B92-92F7-A87188E364DB}.Debug|x86.ActiveCfg = Debug|Any CPU
		{D8E0500F-C2CC-4B92-92F7-A87188E364DB}.Debug|x86.Build.0 = Debug|Any CPU
		{D8E0500F-C2CC-4B92-92F7-A87188E364DB}.Release|Any CPU.ActiveCfg = Release|Any CPU
		{D8E0500F-C2CC-4B92-92F7-A87188E364DB}.Release|Any CPU.Build.0 = Release|Any CPU
		{D8E0500F-C2CC-4B92-92F7-A87188E364DB}.Release|x86.ActiveCfg = Release|Any CPU
		{D8E0500F-C2CC-4B92-92F7-A87188E364DB}.Release|x86.Build.0 = Release|Any CPU
		{661EBE9B-9553-4A51-BE93-6B2DBA32B57E}.Debug|Any CPU.ActiveCfg = Debug|Any CPU
		{661EBE9B-9553-4A51-BE93-6B2DBA32B57E}.Debug|Any CPU.Build.0 = Debug|Any CPU
		{661EBE9B-9553-4A51-BE93-6B2DBA32B57E}.Debug|x86.ActiveCfg = Debug|Any CPU
		{661EBE9B-9553-4A51-BE93-6B2DBA32B57E}.Debug|x86.Build.0 = Debug|Any CPU
		{661EBE9B-9553-4A51-BE93-6B2DBA32B57E}.Release|Any CPU.ActiveCfg = Release|Any CPU
		{661EBE9B-9553-4A51-BE93-6B2DBA32B57E}.Release|Any CPU.Build.0 = Release|Any CPU
		{661EBE9B-9553-4A51-BE93-6B2DBA32B57E}.Release|x86.ActiveCfg = Release|Any CPU
		{661EBE9B-9553-4A51-BE93-6B2DBA32B57E}.Release|x86.Build.0 = Release|Any CPU
		{69E67796-13E3-4665-BDE0-895322B9E328}.Debug|Any CPU.ActiveCfg = Debug|Any CPU
		{69E67796-13E3-4665-BDE0-895322B9E328}.Debug|Any CPU.Build.0 = Debug|Any CPU
		{69E67796-13E3-4665-BDE0-895322B9E328}.Debug|x86.ActiveCfg = Debug|Any CPU
		{69E67796-13E3-4665-BDE0-895322B9E328}.Debug|x86.Build.0 = Debug|Any CPU
		{69E67796-13E3-4665-BDE0-895322B9E328}.Release|Any CPU.ActiveCfg = Release|Any CPU
		{69E67796-13E3-4665-BDE0-895322B9E328}.Release|Any CPU.Build.0 = Release|Any CPU
		{69E67796-13E3-4665-BDE0-895322B9E328}.Release|x86.ActiveCfg = Release|Any CPU
		{69E67796-13E3-4665-BDE0-895322B9E328}.Release|x86.Build.0 = Release|Any CPU
		{1890BE52-4D74-4246-8BF1-ADB3951BF12E}.Debug|Any CPU.ActiveCfg = Debug|Any CPU
		{1890BE52-4D74-4246-8BF1-ADB3951BF12E}.Debug|Any CPU.Build.0 = Debug|Any CPU
		{1890BE52-4D74-4246-8BF1-ADB3951BF12E}.Debug|x86.ActiveCfg = Debug|Any CPU
		{1890BE52-4D74-4246-8BF1-ADB3951BF12E}.Debug|x86.Build.0 = Debug|Any CPU
		{1890BE52-4D74-4246-8BF1-ADB3951BF12E}.Release|Any CPU.ActiveCfg = Release|Any CPU
		{1890BE52-4D74-4246-8BF1-ADB3951BF12E}.Release|Any CPU.Build.0 = Release|Any CPU
		{1890BE52-4D74-4246-8BF1-ADB3951BF12E}.Release|x86.ActiveCfg = Release|Any CPU
		{1890BE52-4D74-4246-8BF1-ADB3951BF12E}.Release|x86.Build.0 = Release|Any CPU
		{CA070C5E-E236-4DDD-9CBF-F0ED05146F26}.Debug|Any CPU.ActiveCfg = Debug|Any CPU
		{CA070C5E-E236-4DDD-9CBF-F0ED05146F26}.Debug|Any CPU.Build.0 = Debug|Any CPU
		{CA070C5E-E236-4DDD-9CBF-F0ED05146F26}.Debug|x86.ActiveCfg = Debug|Any CPU
		{CA070C5E-E236-4DDD-9CBF-F0ED05146F26}.Debug|x86.Build.0 = Debug|Any CPU
		{CA070C5E-E236-4DDD-9CBF-F0ED05146F26}.Release|Any CPU.ActiveCfg = Release|Any CPU
		{CA070C5E-E236-4DDD-9CBF-F0ED05146F26}.Release|Any CPU.Build.0 = Release|Any CPU
		{CA070C5E-E236-4DDD-9CBF-F0ED05146F26}.Release|x86.ActiveCfg = Release|Any CPU
		{CA070C5E-E236-4DDD-9CBF-F0ED05146F26}.Release|x86.Build.0 = Release|Any CPU
		{23613411-4707-4F57-80BD-A3BD7145F718}.Debug|Any CPU.ActiveCfg = Debug|Any CPU
		{23613411-4707-4F57-80BD-A3BD7145F718}.Debug|Any CPU.Build.0 = Debug|Any CPU
		{23613411-4707-4F57-80BD-A3BD7145F718}.Debug|x86.ActiveCfg = Debug|Any CPU
		{23613411-4707-4F57-80BD-A3BD7145F718}.Debug|x86.Build.0 = Debug|Any CPU
		{23613411-4707-4F57-80BD-A3BD7145F718}.Release|Any CPU.ActiveCfg = Release|Any CPU
		{23613411-4707-4F57-80BD-A3BD7145F718}.Release|Any CPU.Build.0 = Release|Any CPU
		{23613411-4707-4F57-80BD-A3BD7145F718}.Release|x86.ActiveCfg = Release|Any CPU
		{23613411-4707-4F57-80BD-A3BD7145F718}.Release|x86.Build.0 = Release|Any CPU
		{71021129-C6E1-407A-AAAE-A6003E9A0675}.Debug|Any CPU.ActiveCfg = Debug|Any CPU
		{71021129-C6E1-407A-AAAE-A6003E9A0675}.Debug|Any CPU.Build.0 = Debug|Any CPU
		{71021129-C6E1-407A-AAAE-A6003E9A0675}.Debug|x86.ActiveCfg = Debug|Any CPU
		{71021129-C6E1-407A-AAAE-A6003E9A0675}.Debug|x86.Build.0 = Debug|Any CPU
		{71021129-C6E1-407A-AAAE-A6003E9A0675}.Release|Any CPU.ActiveCfg = Release|Any CPU
		{71021129-C6E1-407A-AAAE-A6003E9A0675}.Release|Any CPU.Build.0 = Release|Any CPU
		{71021129-C6E1-407A-AAAE-A6003E9A0675}.Release|x86.ActiveCfg = Release|Any CPU
		{71021129-C6E1-407A-AAAE-A6003E9A0675}.Release|x86.Build.0 = Release|Any CPU
		{2D395471-8A34-46CB-965D-36C3C9E27770}.Debug|Any CPU.ActiveCfg = Debug|Any CPU
		{2D395471-8A34-46CB-965D-36C3C9E27770}.Debug|Any CPU.Build.0 = Debug|Any CPU
		{2D395471-8A34-46CB-965D-36C3C9E27770}.Debug|x86.ActiveCfg = Debug|Any CPU
		{2D395471-8A34-46CB-965D-36C3C9E27770}.Debug|x86.Build.0 = Debug|Any CPU
		{2D395471-8A34-46CB-965D-36C3C9E27770}.Release|Any CPU.ActiveCfg = Release|Any CPU
		{2D395471-8A34-46CB-965D-36C3C9E27770}.Release|Any CPU.Build.0 = Release|Any CPU
		{2D395471-8A34-46CB-965D-36C3C9E27770}.Release|x86.ActiveCfg = Release|Any CPU
		{2D395471-8A34-46CB-965D-36C3C9E27770}.Release|x86.Build.0 = Release|Any CPU
		{E9C44864-D217-4DFF-AEE5-3D1081B9853F}.Debug|Any CPU.ActiveCfg = Debug|Any CPU
		{E9C44864-D217-4DFF-AEE5-3D1081B9853F}.Debug|Any CPU.Build.0 = Debug|Any CPU
		{E9C44864-D217-4DFF-AEE5-3D1081B9853F}.Debug|x86.ActiveCfg = Debug|Any CPU
		{E9C44864-D217-4DFF-AEE5-3D1081B9853F}.Debug|x86.Build.0 = Debug|Any CPU
		{E9C44864-D217-4DFF-AEE5-3D1081B9853F}.Release|Any CPU.ActiveCfg = Release|Any CPU
		{E9C44864-D217-4DFF-AEE5-3D1081B9853F}.Release|Any CPU.Build.0 = Release|Any CPU
		{E9C44864-D217-4DFF-AEE5-3D1081B9853F}.Release|x86.ActiveCfg = Release|Any CPU
		{E9C44864-D217-4DFF-AEE5-3D1081B9853F}.Release|x86.Build.0 = Release|Any CPU
		{442A6276-9061-49F3-8138-7CBC32D47E5C}.Debug|Any CPU.ActiveCfg = Debug|Any CPU
		{442A6276-9061-49F3-8138-7CBC32D47E5C}.Debug|Any CPU.Build.0 = Debug|Any CPU
		{442A6276-9061-49F3-8138-7CBC32D47E5C}.Debug|x86.ActiveCfg = Debug|Any CPU
		{442A6276-9061-49F3-8138-7CBC32D47E5C}.Debug|x86.Build.0 = Debug|Any CPU
		{442A6276-9061-49F3-8138-7CBC32D47E5C}.Release|Any CPU.ActiveCfg = Release|Any CPU
		{442A6276-9061-49F3-8138-7CBC32D47E5C}.Release|Any CPU.Build.0 = Release|Any CPU
		{442A6276-9061-49F3-8138-7CBC32D47E5C}.Release|x86.ActiveCfg = Release|Any CPU
		{442A6276-9061-49F3-8138-7CBC32D47E5C}.Release|x86.Build.0 = Release|Any CPU
		{EC069574-DA20-4FD2-86CC-8DF905872A73}.Debug|Any CPU.ActiveCfg = Debug|Any CPU
		{EC069574-DA20-4FD2-86CC-8DF905872A73}.Debug|Any CPU.Build.0 = Debug|Any CPU
		{EC069574-DA20-4FD2-86CC-8DF905872A73}.Debug|x86.ActiveCfg = Debug|Any CPU
		{EC069574-DA20-4FD2-86CC-8DF905872A73}.Debug|x86.Build.0 = Debug|Any CPU
		{EC069574-DA20-4FD2-86CC-8DF905872A73}.Release|Any CPU.ActiveCfg = Release|Any CPU
		{EC069574-DA20-4FD2-86CC-8DF905872A73}.Release|Any CPU.Build.0 = Release|Any CPU
		{EC069574-DA20-4FD2-86CC-8DF905872A73}.Release|x86.ActiveCfg = Release|Any CPU
		{EC069574-DA20-4FD2-86CC-8DF905872A73}.Release|x86.Build.0 = Release|Any CPU
	EndGlobalSection
	GlobalSection(SolutionProperties) = preSolution
		HideSolutionNode = FALSE
	EndGlobalSection
EndGlobal
