
Microsoft Visual Studio Solution File, Format Version 12.00
# Visual Studio 15
VisualStudioVersion = 15.0.28307.136
MinimumVisualStudioVersion = 10.0.40219.1
Project("{FAE04EC0-301F-11D3-BF4B-00C04F79EFBC}") = "Providers", "Providers.csproj", "{AEC3641C-8266-4F26-88F6-A6E94809925A}"
EndProject
Global
	GlobalSection(SolutionConfigurationPlatforms) = preSolution
		Debug|Any CPU = Debug|Any CPU
		Release|Any CPU = Release|Any CPU
	EndGlobalSection
	GlobalSection(ProjectConfigurationPlatforms) = postSolution
		{AEC3641C-8266-4F26-88F6-A6E94809925A}.Debug|Any CPU.ActiveCfg = Debug|Any CPU
		{AEC3641C-8266-4F26-88F6-A6E94809925A}.Debug|Any CPU.Build.0 = Debug|Any CPU
		{AEC3641C-8266-4F26-88F6-A6E94809925A}.Release|Any CPU.ActiveCfg = Release|Any CPU
		{AEC3641C-8266-4F26-88F6-A6E94809925A}.Release|Any CPU.Build.0 = Release|Any CPU
	EndGlobalSection
	GlobalSection(SolutionProperties) = preSolution
		HideSolutionNode = FALSE
	EndGlobalSection
	GlobalSection(ExtensibilityGlobals) = postSolution
		SolutionGuid = {BA373A31-E1FC-497E-BDDE-133EBBDD2049}
	EndGlobalSection
EndGlobal
