
Microsoft Visual Studio Solution File, Format Version 12.00
# Visual Studio 15
VisualStudioVersion = 15.0.26730.12
MinimumVisualStudioVersion = 10.0.40219.1
Project("{FAE04EC0-301F-11D3-BF4B-00C04F79EFBC}") = "ManySymbols", "ManySymbols.csproj", "{F6A0556A-36CB-4E11-9A6F-264551445412}"
EndProject
Global
	GlobalSection(SolutionConfigurationPlatforms) = preSolution
		Debug|Any CPU = Debug|Any CPU
		Release|Any CPU = Release|Any CPU
	EndGlobalSection
	GlobalSection(ProjectConfigurationPlatforms) = postSolution
		{F6A0556A-36CB-4E11-9A6F-264551445412}.Debug|Any CPU.ActiveCfg = Debug|Any CPU
		{F6A0556A-36CB-4E11-9A6F-264551445412}.Debug|Any CPU.Build.0 = Debug|Any CPU
		{F6A0556A-36CB-4E11-9A6F-264551445412}.Release|Any CPU.ActiveCfg = Release|Any CPU
		{F6A0556A-36CB-4E11-9A6F-264551445412}.Release|Any CPU.Build.0 = Release|Any CPU
	EndGlobalSection
	GlobalSection(SolutionProperties) = preSolution
		HideSolutionNode = FALSE
	EndGlobalSection
	GlobalSection(ExtensibilityGlobals) = postSolution
		SolutionGuid = {7BED8556-45C5-4203-8961-EB18F4F34164}
	EndGlobalSection
EndGlobal
